
Microsoft Visual Studio Solution File, Format Version 12.00
# Visual Studio 15
VisualStudioVersion = 15.0.28307.168
MinimumVisualStudioVersion = 10.0.40219.1
Project("{FAE04EC0-301F-11D3-BF4B-00C04F79EFBC}") = "Proyecto_Final_Web", "Proyecto_Final_Web\Proyecto_Final_Web.csproj", "{C60D6900-C3DA-4D18-A67B-C32EC7FC6C03}"
EndProject
Project("{FAE04EC0-301F-11D3-BF4B-00C04F79EFBC}") = "Entidades", "Entidades\Entidades.csproj", "{D1DCEE3D-11C7-4AC5-B7A1-EBF4492E7E38}"
EndProject
Project("{FAE04EC0-301F-11D3-BF4B-00C04F79EFBC}") = "BLL", "BLL\BLL.csproj", "{FF230931-9C2D-46BD-A06B-4150DF69D029}"
EndProject
Project("{FAE04EC0-301F-11D3-BF4B-00C04F79EFBC}") = "DAL", "DAL\DAL.csproj", "{ABDC23C2-58AF-4083-BF9D-210F4606F0F1}"
EndProject
Global
	GlobalSection(SolutionConfigurationPlatforms) = preSolution
		Debug|Any CPU = Debug|Any CPU
		Release|Any CPU = Release|Any CPU
	EndGlobalSection
	GlobalSection(ProjectConfigurationPlatforms) = postSolution
		{C60D6900-C3DA-4D18-A67B-C32EC7FC6C03}.Debug|Any CPU.ActiveCfg = Debug|Any CPU
		{C60D6900-C3DA-4D18-A67B-C32EC7FC6C03}.Debug|Any CPU.Build.0 = Debug|Any CPU
		{C60D6900-C3DA-4D18-A67B-C32EC7FC6C03}.Release|Any CPU.ActiveCfg = Release|Any CPU
		{C60D6900-C3DA-4D18-A67B-C32EC7FC6C03}.Release|Any CPU.Build.0 = Release|Any CPU
		{D1DCEE3D-11C7-4AC5-B7A1-EBF4492E7E38}.Debug|Any CPU.ActiveCfg = Debug|Any CPU
		{D1DCEE3D-11C7-4AC5-B7A1-EBF4492E7E38}.Debug|Any CPU.Build.0 = Debug|Any CPU
		{D1DCEE3D-11C7-4AC5-B7A1-EBF4492E7E38}.Release|Any CPU.ActiveCfg = Release|Any CPU
		{D1DCEE3D-11C7-4AC5-B7A1-EBF4492E7E38}.Release|Any CPU.Build.0 = Release|Any CPU
		{FF230931-9C2D-46BD-A06B-4150DF69D029}.Debug|Any CPU.ActiveCfg = Debug|Any CPU
		{FF230931-9C2D-46BD-A06B-4150DF69D029}.Debug|Any CPU.Build.0 = Debug|Any CPU
		{FF230931-9C2D-46BD-A06B-4150DF69D029}.Release|Any CPU.ActiveCfg = Release|Any CPU
		{FF230931-9C2D-46BD-A06B-4150DF69D029}.Release|Any CPU.Build.0 = Release|Any CPU
		{ABDC23C2-58AF-4083-BF9D-210F4606F0F1}.Debug|Any CPU.ActiveCfg = Debug|Any CPU
		{ABDC23C2-58AF-4083-BF9D-210F4606F0F1}.Debug|Any CPU.Build.0 = Debug|Any CPU
		{ABDC23C2-58AF-4083-BF9D-210F4606F0F1}.Release|Any CPU.ActiveCfg = Release|Any CPU
		{ABDC23C2-58AF-4083-BF9D-210F4606F0F1}.Release|Any CPU.Build.0 = Release|Any CPU
	EndGlobalSection
	GlobalSection(SolutionProperties) = preSolution
		HideSolutionNode = FALSE
	EndGlobalSection
	GlobalSection(ExtensibilityGlobals) = postSolution
		SolutionGuid = {EE3E5434-5AA3-4483-AFFB-FBE74D0A888D}
	EndGlobalSection
EndGlobal
